{
  "lockfileVersion": 1,
  "dependencies": {
    "eventemitter3": {
      "version": "1.2.0",
      "resolved": "https://registry.npmjs.org/eventemitter3/-/eventemitter3-1.2.0.tgz",
      "integrity": "sha1-HIaZHYFq0eUEdQ5zh0Ik7PO+xQg="
    },
    "reflux": {
      "version": "6.4.1",
      "resolved": "https://registry.npmjs.org/reflux/-/reflux-6.4.1.tgz",
      "integrity": "sha1-i7urr/VM8bgiM9Z90lQv2tKo1ng="
    },
    "reflux-core": {
      "version": "1.0.0",
      "resolved": "https://registry.npmjs.org/reflux-core/-/reflux-core-1.0.0.tgz",
      "integrity": "sha1-65uq4tUIcTJK25MSWDwS4HDNYdM="
    }
  }
}
